
Microsoft Visual Studio Solution File, Format Version 12.00
# Visual Studio Version 17
VisualStudioVersion = 17.7.34018.315
MinimumVisualStudioVersion = 10.0.40219.1
Project("{FAE04EC0-301F-11D3-BF4B-00C04F79EFBC}") = "WPFIntroduction", "WPFIntroduction\WPFIntroduction.csproj", "{C75BB613-1FFD-41C3-8AAA-564FE5271E91}"
EndProject
Global
	GlobalSection(SolutionConfigurationPlatforms) = preSolution
		Debug|Any CPU = Debug|Any CPU
		Release|Any CPU = Release|Any CPU
	EndGlobalSection
	GlobalSection(ProjectConfigurationPlatforms) = postSolution
		{C75BB613-1FFD-41C3-8AAA-564FE5271E91}.Debug|Any CPU.ActiveCfg = Debug|Any CPU
		{C75BB613-1FFD-41C3-8AAA-564FE5271E91}.Debug|Any CPU.Build.0 = Debug|Any CPU
		{C75BB613-1FFD-41C3-8AAA-564FE5271E91}.Release|Any CPU.ActiveCfg = Release|Any CPU
		{C75BB613-1FFD-41C3-8AAA-564FE5271E91}.Release|Any CPU.Build.0 = Release|Any CPU
	EndGlobalSection
	GlobalSection(SolutionProperties) = preSolution
		HideSolutionNode = FALSE
	EndGlobalSection
	GlobalSection(ExtensibilityGlobals) = postSolution
		SolutionGuid = {FE09B770-89F7-40DC-B5E6-DB4D61B74730}
	EndGlobalSection
EndGlobal
